%{"decimal": {:package, "0.2.4"},
  "earmark": {:package, "0.1.10"},
  "emysql": {:git, "git://github.com/eonblast/emysql.git", "c7e2103f8b737667f0128802e8de2f0d5ed2fa5c", []},
  "ex_doc": {:package, "0.6.0"},
  "hoedown": {:git, "git://github.com/hoedown/hoedown.git", "0610117f44b173a4e2112afb2f510156a32355b5", []},
  "markdown": {:git, "git://github.com/devinus/markdown.git", "0345e2044ba71780ba02b2591f1017703d0fa148", []},
  "poolboy": {:package, "1.2.1"},
  "postgrex": {:package, "0.6.0"}}
