%{"decimal": {:git, "git://github.com/ericmj/decimal.git", "f58c7dce8ef3b20968d0c5e5e8f6795b0d572d89", []},
  "ex_doc": {:git, "git://github.com/elixir-lang/ex_doc.git", "1ce6f1068cf1eeb97e9104977bed87e2a8c3be61", []},
  "poolboy": {:git, "git://github.com/devinus/poolboy.git", "db4df155c088731ce07858d930c800d41c3e907e", []},
  "postgrex": {:git, "git://github.com/ericmj/postgrex.git", "27e353c656e49e05ce7a9d6cfce32de44dd0c334", []}}
