[ "cowboy": {:git, "git://github.com/extend/cowboy.git", "bbee34fe1638b742796b00b39c0859395a752167", []},
  "dynamo": {:git, "git://github.com/elixir-lang/dynamo.git", "bdbb6063f7bdb500d1e7c8ce452819bf2baecbfb", []},
  "hackney": {:git, "git://github.com/benoitc/hackney.git", "5b0f7eb949ebebd6fabfbc4e08a7b7231850606a", []},
  "mimetypes": {:git, "git://github.com/spawngrid/mimetypes.git", "47d37a977a7d633199822bf6b08353007483d00f", []},
  "ranch": {:git, "git://github.com/extend/ranch.git", "41705752ffc7e3ecb96eef8374015ead4ca7f699", [{:ref, "0.8.5"}]} ]
